
Microsoft Visual Studio Solution File, Format Version 12.00
# Visual Studio Version 16
VisualStudioVersion = 16.0.29009.5
MinimumVisualStudioVersion = 10.0.40219.1
Project("{FAE04EC0-301F-11D3-BF4B-00C04F79EFBC}") = "Pharmacy", "Pharmacy\Pharmacy.csproj", "{555104E3-0069-4F91-9C41-C244934E6B4A}"
EndProject
Global
	GlobalSection(SolutionConfigurationPlatforms) = preSolution
		Debug|Any CPU = Debug|Any CPU
		Release|Any CPU = Release|Any CPU
	EndGlobalSection
	GlobalSection(ProjectConfigurationPlatforms) = postSolution
		{555104E3-0069-4F91-9C41-C244934E6B4A}.Debug|Any CPU.ActiveCfg = Debug|Any CPU
		{555104E3-0069-4F91-9C41-C244934E6B4A}.Debug|Any CPU.Build.0 = Debug|Any CPU
		{555104E3-0069-4F91-9C41-C244934E6B4A}.Release|Any CPU.ActiveCfg = Release|Any CPU
		{555104E3-0069-4F91-9C41-C244934E6B4A}.Release|Any CPU.Build.0 = Release|Any CPU
	EndGlobalSection
	GlobalSection(SolutionProperties) = preSolution
		HideSolutionNode = FALSE
	EndGlobalSection
	GlobalSection(ExtensibilityGlobals) = postSolution
		SolutionGuid = {05055D23-03B1-4367-8473-805EB273D442}
	EndGlobalSection
EndGlobal
